<?xml version="1.0" encoding="utf-8"?>
<Project ToolsVersion="4.0" xmlns="http://schemas.microsoft.com/developer/msbuild/2003">
  <ItemGroup>
    <Filter Include="MarsEngine">
      <UniqueIdentifier>{8E31B102-7AE9-F24F-E3F0-CBABCFC78D40}</UniqueIdentifier>
    </Filter>
    <Filter Include="MarsEngine\Event">
      <UniqueIdentifier>{5F25A58E-4B1E-C4E0-7450-A96560A8A3EC}</UniqueIdentifier>
    </Filter>
    <Filter Include="Platform">
      <UniqueIdentifier>{2AC788B4-1694-E3BF-3FAD-D1672BD9184E}</UniqueIdentifier>
    </Filter>
  </ItemGroup>
  <ItemGroup>
    <ClInclude Include="src\MarsEngine.h" />
    <ClInclude Include="src\MarsEngine\Application.h">
      <Filter>MarsEngine</Filter>
    </ClInclude>
    <ClInclude Include="src\MarsEngine\Core.h">
      <Filter>MarsEngine</Filter>
    </ClInclude>
    <ClInclude Include="src\MarsEngine\EntryPoint.h">
      <Filter>MarsEngine</Filter>
    </ClInclude>
    <ClInclude Include="src\MarsEngine\Event\ApplicationEvent.h">
      <Filter>MarsEngine\Event</Filter>
    </ClInclude>
    <ClInclude Include="src\MarsEngine\Event\Event.h">
      <Filter>MarsEngine\Event</Filter>
    </ClInclude>
    <ClInclude Include="src\MarsEngine\Event\KeyEvent.h">
      <Filter>MarsEngine\Event</Filter>
    </ClInclude>
    <ClInclude Include="src\MarsEngine\Event\MouseEvent.h">
      <Filter>MarsEngine\Event</Filter>
    </ClInclude>
    <ClInclude Include="src\MarsEngine\Layer.h">
      <Filter>MarsEngine</Filter>
    </ClInclude>
    <ClInclude Include="src\MarsEngine\LayerStack.h">
      <Filter>MarsEngine</Filter>
    </ClInclude>
    <ClInclude Include="src\MarsEngine\Log.h">
      <Filter>MarsEngine</Filter>
    </ClInclude>
    <ClInclude Include="src\MarsEngine\Window.h">
      <Filter>MarsEngine</Filter>
    </ClInclude>
    <ClInclude Include="src\Platform\WindowsWindow.h">
      <Filter>Platform</Filter>
    </ClInclude>
    <ClInclude Include="src\pch.h" />
  </ItemGroup>
  <ItemGroup>
    <ClCompile Include="src\MarsEngine\Application.cpp">
      <Filter>MarsEngine</Filter>
    </ClCompile>
    <ClCompile Include="src\MarsEngine\Layer.cpp">
      <Filter>MarsEngine</Filter>
    </ClCompile>
    <ClCompile Include="src\MarsEngine\LayerStack.cpp">
      <Filter>MarsEngine</Filter>
    </ClCompile>
    <ClCompile Include="src\MarsEngine\Log.cpp">
      <Filter>MarsEngine</Filter>
    </ClCompile>
    <ClCompile Include="src\Platform\WindowsWindow.cpp">
      <Filter>Platform</Filter>
    </ClCompile>
    <ClCompile Include="src\pch.cpp" />
  </ItemGroup>
</Project>