<?xml version="1.0" encoding="utf-8"?>
<Project ToolsVersion="4.0" xmlns="http://schemas.microsoft.com/developer/msbuild/2003">
  <ItemGroup>
    <Filter Include="MarsEngine">
      <UniqueIdentifier>{8E31B102-7AE9-F24F-E3F0-CBABCFC78D40}</UniqueIdentifier>
    </Filter>
  </ItemGroup>
  <ItemGroup>
    <ClInclude Include="src\MarsEngine.h" />
    <ClInclude Include="src\MarsEngine\Application.h">
      <Filter>MarsEngine</Filter>
    </ClInclude>
    <ClInclude Include="src\MarsEngine\Core.h">
      <Filter>MarsEngine</Filter>
    </ClInclude>
    <ClInclude Include="src\MarsEngine\EntryPoint.h">
      <Filter>MarsEngine</Filter>
    </ClInclude>
    <ClInclude Include="src\MarsEngine\Log.h">
      <Filter>MarsEngine</Filter>
    </ClInclude>
  </ItemGroup>
  <ItemGroup>
    <ClCompile Include="src\MarsEngine\Application.cpp">
      <Filter>MarsEngine</Filter>
    </ClCompile>
    <ClCompile Include="src\MarsEngine\Log.cpp">
      <Filter>MarsEngine</Filter>
    </ClCompile>
  </ItemGroup>
</Project>